
Microsoft Visual Studio Solution File, Format Version 12.00
# Visual Studio Version 17
VisualStudioVersion = 17.14.36623.8
MinimumVisualStudioVersion = 10.0.40219.1
Project("{8BC9CEB8-8B4A-11D0-8D11-00A0C91BC942}") = "MemScanKit", "MemScanKit\MemScanKit.vcxproj", "{BDD833F6-5ED4-42FD-A1A5-0C54475D3282}"
EndProject
Project("{8BC9CEB8-8B4A-11D0-8D11-00A0C91BC942}") = "TargetProgram", "TargetProgram\TargetProgram.vcxproj", "{CA0CB0C3-2F19-4511-BB9C-A023DF80DEF9}"
EndProject
Global
	GlobalSection(SolutionConfigurationPlatforms) = preSolution
		Debug|x64 = Debug|x64
		Debug|x86 = Debug|x86
		Release|x64 = Release|x64
		Release|x86 = Release|x86
	EndGlobalSection
	GlobalSection(ProjectConfigurationPlatforms) = postSolution
		{BDD833F6-5ED4-42FD-A1A5-0C54475D3282}.Debug|x64.ActiveCfg = Debug|x64
		{BDD833F6-5ED4-42FD-A1A5-0C54475D3282}.Debug|x64.Build.0 = Debug|x64
		{BDD833F6-5ED4-42FD-A1A5-0C54475D3282}.Debug|x86.ActiveCfg = Debug|Win32
		{BDD833F6-5ED4-42FD-A1A5-0C54475D3282}.Debug|x86.Build.0 = Debug|Win32
		{BDD833F6-5ED4-42FD-A1A5-0C54475D3282}.Release|x64.ActiveCfg = Release|x64
		{BDD833F6-5ED4-42FD-A1A5-0C54475D3282}.Release|x64.Build.0 = Release|x64
		{BDD833F6-5ED4-42FD-A1A5-0C54475D3282}.Release|x86.ActiveCfg = Release|Win32
		{BDD833F6-5ED4-42FD-A1A5-0C54475D3282}.Release|x86.Build.0 = Release|Win32
		{CA0CB0C3-2F19-4511-BB9C-A023DF80DEF9}.Debug|x64.ActiveCfg = Debug|x64
		{CA0CB0C3-2F19-4511-BB9C-A023DF80DEF9}.Debug|x64.Build.0 = Debug|x64
		{CA0CB0C3-2F19-4511-BB9C-A023DF80DEF9}.Debug|x86.ActiveCfg = Debug|Win32
		{CA0CB0C3-2F19-4511-BB9C-A023DF80DEF9}.Debug|x86.Build.0 = Debug|Win32
		{CA0CB0C3-2F19-4511-BB9C-A023DF80DEF9}.Release|x64.ActiveCfg = Release|x64
		{CA0CB0C3-2F19-4511-BB9C-A023DF80DEF9}.Release|x64.Build.0 = Release|x64
		{CA0CB0C3-2F19-4511-BB9C-A023DF80DEF9}.Release|x86.ActiveCfg = Release|Win32
		{CA0CB0C3-2F19-4511-BB9C-A023DF80DEF9}.Release|x86.Build.0 = Release|Win32
	EndGlobalSection
	GlobalSection(SolutionProperties) = preSolution
		HideSolutionNode = FALSE
	EndGlobalSection
	GlobalSection(ExtensibilityGlobals) = postSolution
		SolutionGuid = {A209AE9E-1316-4A70-B5C4-4F4B3A132D18}
	EndGlobalSection
EndGlobal
